// !$*UTF8*$!
{
	archiveVersion = 1;
	classes = {
	};
	objectVersion = 46;
	objects = {

/* Begin PBXBuildFile section */
		6F9302B8195A2CC7007B3B7A /* AppDelegate.swift in Sources */ = {isa = PBXBuildFile; fileRef = 6F9302B7195A2CC7007B3B7A /* AppDelegate.swift */; };
		6F9302BA195A2CC7007B3B7A /* ViewController.swift in Sources */ = {isa = PBXBuildFile; fileRef = 6F9302B9195A2CC7007B3B7A /* ViewController.swift */; };
		6F9302BD195A2CC7007B3B7A /* Main.storyboard in Resources */ = {isa = PBXBuildFile; fileRef = 6F9302BB195A2CC7007B3B7A /* Main.storyboard */; };
		6F9302BF195A2CC7007B3B7A /* Images.xcassets in Resources */ = {isa = PBXBuildFile; fileRef = 6F9302BE195A2CC7007B3B7A /* Images.xcassets */; };
		6F9302CB195A2CC7007B3B7A /* PostcardTests.swift in Sources */ = {isa = PBXBuildFile; fileRef = 6F9302CA195A2CC7007B3B7A /* PostcardTests.swift */; };
		6F9302D5195B16D9007B3B7A /* SagradaFamilia.jpeg in Resources */ = {isa = PBXBuildFile; fileRef = 6F9302D4195B16D9007B3B7A /* SagradaFamilia.jpeg */; };
		6F9DB018195B5282005F18D4 /* AlbertEinsteinStamp.jpg in Resources */ = {isa = PBXBuildFile; fileRef = 6F9DB017195B5282005F18D4 /* AlbertEinsteinStamp.jpg */; };
/* End PBXBuildFile section */

/* Begin PBXContainerItemProxy section */
		6F9302C5195A2CC7007B3B7A /* PBXContainerItemProxy */ = {
			isa = PBXContainerItemProxy;
			containerPortal = 6F9302AA195A2CC7007B3B7A /* Project object */;
			proxyType = 1;
			remoteGlobalIDString = 6F9302B1195A2CC7007B3B7A;
			remoteInfo = Postcard;
		};
/* End PBXContainerItemProxy section */

/* Begin PBXFileReference section */
		6F9302B2195A2CC7007B3B7A /* Postcard.app */ = {isa = PBXFileReference; explicitFileType = wrapper.application; includeInIndex = 0; path = Postcard.app; sourceTree = BUILT_PRODUCTS_DIR; };
		6F9302B6195A2CC7007B3B7A /* Info.plist */ = {isa = PBXFileReference; lastKnownFileType = text.plist.xml; path = Info.plist; sourceTree = "<group>"; };
		6F9302B7195A2CC7007B3B7A /* AppDelegate.swift */ = {isa = PBXFileReference; lastKnownFileType = sourcecode.swift; path = AppDelegate.swift; sourceTree = "<group>"; };
		6F9302B9195A2CC7007B3B7A /* ViewController.swift */ = {isa = PBXFileReference; lastKnownFileType = sourcecode.swift; path = ViewController.swift; sourceTree = "<group>"; };
		6F9302BC195A2CC7007B3B7A /* Base */ = {isa = PBXFileReference; lastKnownFileType = file.storyboard; name = Base; path = Base.lproj/Main.storyboard; sourceTree = "<group>"; };
		6F9302BE195A2CC7007B3B7A /* Images.xcassets */ = {isa = PBXFileReference; lastKnownFileType = folder.assetcatalog; path = Images.xcassets; sourceTree = "<group>"; };
		6F9302C4195A2CC7007B3B7A /* PostcardTests.xctest */ = {isa = PBXFileReference; explicitFileType = wrapper.cfbundle; includeInIndex = 0; path = PostcardTests.xctest; sourceTree = BUILT_PRODUCTS_DIR; };
		6F9302C9195A2CC7007B3B7A /* Info.plist */ = {isa = PBXFileReference; lastKnownFileType = text.plist.xml; path = Info.plist; sourceTree = "<group>"; };
		6F9302CA195A2CC7007B3B7A /* PostcardTests.swift */ = {isa = PBXFileReference; lastKnownFileType = sourcecode.swift; path = PostcardTests.swift; sourceTree = "<group>"; };
		6F9302D4195B16D9007B3B7A /* SagradaFamilia.jpeg */ = {isa = PBXFileReference; lastKnownFileType = image.jpeg; path = SagradaFamilia.jpeg; sourceTree = "<group>"; };
		6F9DB017195B5282005F18D4 /* AlbertEinsteinStamp.jpg */ = {isa = PBXFileReference; lastKnownFileType = image.jpeg; path = AlbertEinsteinStamp.jpg; sourceTree = "<group>"; };
/* End PBXFileReference section */

/* Begin PBXFrameworksBuildPhase section */
		6F9302AF195A2CC7007B3B7A /* Frameworks */ = {
			isa = PBXFrameworksBuildPhase;
			buildActionMask = 2147483647;
			files = (
			);
			runOnlyForDeploymentPostprocessing = 0;
		};
		6F9302C1195A2CC7007B3B7A /* Frameworks */ = {
			isa = PBXFrameworksBuildPhase;
			buildActionMask = 2147483647;
			files = (
			);
			runOnlyForDeploymentPostprocessing = 0;
		};
/* End PBXFrameworksBuildPhase section */

/* Begin PBXGroup section */
		6F9302A9195A2CC7007B3B7A = {
			isa = PBXGroup;
			children = (
				6F9302B4195A2CC7007B3B7A /* Postcard */,
				6F9302C7195A2CC7007B3B7A /* PostcardTests */,
				6F9302B3195A2CC7007B3B7A /* Products */,
			);
			sourceTree = "<group>";
		};
		6F9302B3195A2CC7007B3B7A /* Products */ = {
			isa = PBXGroup;
			children = (
				6F9302B2195A2CC7007B3B7A /* Postcard.app */,
				6F9302C4195A2CC7007B3B7A /* PostcardTests.xctest */,
			);
			name = Products;
			sourceTree = "<group>";
		};
		6F9302B4195A2CC7007B3B7A /* Postcard */ = {
			isa = PBXGroup;
			children = (
				6F9302B7195A2CC7007B3B7A /* AppDelegate.swift */,
				6F9302B9195A2CC7007B3B7A /* ViewController.swift */,
				6F9302BB195A2CC7007B3B7A /* Main.storyboard */,
				6F9302BE195A2CC7007B3B7A /* Images.xcassets */,
				6F9302B5195A2CC7007B3B7A /* Supporting Files */,
			);
			path = Postcard;
			sourceTree = "<group>";
		};
		6F9302B5195A2CC7007B3B7A /* Supporting Files */ = {
			isa = PBXGroup;
			children = (
				6F9DB017195B5282005F18D4 /* AlbertEinsteinStamp.jpg */,
				6F9302D4195B16D9007B3B7A /* SagradaFamilia.jpeg */,
				6F9302B6195A2CC7007B3B7A /* Info.plist */,
			);
			name = "Supporting Files";
			sourceTree = "<group>";
		};
		6F9302C7195A2CC7007B3B7A /* PostcardTests */ = {
			isa = PBXGroup;
			children = (
				6F9302CA195A2CC7007B3B7A /* PostcardTests.swift */,
				6F9302C8195A2CC7007B3B7A /* Supporting Files */,
			);
			path = PostcardTests;
			sourceTree = "<group>";
		};
		6F9302C8195A2CC7007B3B7A /* Supporting Files */ = {
			isa = PBXGroup;
			children = (
				6F9302C9195A2CC7007B3B7A /* Info.plist */,
			);
			name = "Supporting Files";
			sourceTree = "<group>";
		};
/* End PBXGroup section */

/* Begin PBXNativeTarget section */
		6F9302B1195A2CC7007B3B7A /* Postcard */ = {
			isa = PBXNativeTarget;
			buildConfigurationList = 6F9302CE195A2CC7007B3B7A /* Build configuration list for PBXNativeTarget "Postcard" */;
			buildPhases = (
				6F9302AE195A2CC7007B3B7A /* Sources */,
				6F9302AF195A2CC7007B3B7A /* Frameworks */,
				6F9302B0195A2CC7007B3B7A /* Resources */,
			);
			buildRules = (
			);
			dependencies = (
			);
			name = Postcard;
			productName = Postcard;
			productReference = 6F9302B2195A2CC7007B3B7A /* Postcard.app */;
			productType = "com.apple.product-type.application";
		};
		6F9302C3195A2CC7007B3B7A /* PostcardTests */ = {
			isa = PBXNativeTarget;
			buildConfigurationList = 6F9302D1195A2CC7007B3B7A /* Build configuration list for PBXNativeTarget "PostcardTests" */;
			buildPhases = (
				6F9302C0195A2CC7007B3B7A /* Sources */,
				6F9302C1195A2CC7007B3B7A /* Frameworks */,
				6F9302C2195A2CC7007B3B7A /* Resources */,
			);
			buildRules = (
			);
			dependencies = (
				6F9302C6195A2CC7007B3B7A /* PBXTargetDependency */,
			);
			name = PostcardTests;
			productName = PostcardTests;
			productReference = 6F9302C4195A2CC7007B3B7A /* PostcardTests.xctest */;
			productType = "com.apple.product-type.bundle.unit-test";
		};
/* End PBXNativeTarget section */

/* Begin PBXProject section */
		6F9302AA195A2CC7007B3B7A /* Project object */ = {
			isa = PBXProject;
			attributes = {
				LastUpgradeCheck = 0600;
				ORGANIZATIONNAME = Bitfountain.io;
				TargetAttributes = {
					6F9302B1195A2CC7007B3B7A = {
						CreatedOnToolsVersion = 6.0;
					};
					6F9302C3195A2CC7007B3B7A = {
						CreatedOnToolsVersion = 6.0;
						TestTargetID = 6F9302B1195A2CC7007B3B7A;
					};
				};
			};
			buildConfigurationList = 6F9302AD195A2CC7007B3B7A /* Build configuration list for PBXProject "Postcard" */;
			compatibilityVersion = "Xcode 3.2";
			developmentRegion = English;
			hasScannedForEncodings = 0;
			knownRegions = (
				en,
				Base,
			);
			mainGroup = 6F9302A9195A2CC7007B3B7A;
			productRefGroup = 6F9302B3195A2CC7007B3B7A /* Products */;
			projectDirPath = "";
			projectRoot = "";
			targets = (
				6F9302B1195A2CC7007B3B7A /* Postcard */,
				6F9302C3195A2CC7007B3B7A /* PostcardTests */,
			);
		};
/* End PBXProject section */

/* Begin PBXResourcesBuildPhase section */
		6F9302B0195A2CC7007B3B7A /* Resources */ = {
			isa = PBXResourcesBuildPhase;
			buildActionMask = 2147483647;
			files = (
				6F9DB018195B5282005F18D4 /* AlbertEinsteinStamp.jpg in Resources */,
				6F9302BD195A2CC7007B3B7A /* Main.storyboard in Resources */,
				6F9302BF195A2CC7007B3B7A /* Images.xcassets in Resources */,
				6F9302D5195B16D9007B3B7A /* SagradaFamilia.jpeg in Resources */,
			);
			runOnlyForDeploymentPostprocessing = 0;
		};
		6F9302C2195A2CC7007B3B7A /* Resources */ = {
			isa = PBXResourcesBuildPhase;
			buildActionMask = 2147483647;
			files = (
			);
			runOnlyForDeploymentPostprocessing = 0;
		};
/* End PBXResourcesBuildPhase section */

/* Begin PBXSourcesBuildPhase section */
		6F9302AE195A2CC7007B3B7A /* Sources */ = {
			isa = PBXSourcesBuildPhase;
			buildActionMask = 2147483647;
			files = (
				6F9302BA195A2CC7007B3B7A /* ViewController.swift in Sources */,
				6F9302B8195A2CC7007B3B7A /* AppDelegate.swift in Sources */,
			);
			runOnlyForDeploymentPostprocessing = 0;
		};
		6F9302C0195A2CC7007B3B7A /* Sources */ = {
			isa = PBXSourcesBuildPhase;
			buildActionMask = 2147483647;
			files = (
				6F9302CB195A2CC7007B3B7A /* PostcardTests.swift in Sources */,
			);
			runOnlyForDeploymentPostprocessing = 0;
		};
/* End PBXSourcesBuildPhase section */

/* Begin PBXTargetDependency section */
		6F9302C6195A2CC7007B3B7A /* PBXTargetDependency */ = {
			isa = PBXTargetDependency;
			target = 6F9302B1195A2CC7007B3B7A /* Postcard */;
			targetProxy = 6F9302C5195A2CC7007B3B7A /* PBXContainerItemProxy */;
		};
/* End PBXTargetDependency section */

/* Begin PBXVariantGroup section */
		6F9302BB195A2CC7007B3B7A /* Main.storyboard */ = {
			isa = PBXVariantGroup;
			children = (
				6F9302BC195A2CC7007B3B7A /* Base */,
			);
			name = Main.storyboard;
			sourceTree = "<group>";
		};
/* End PBXVariantGroup section */

/* Begin XCBuildConfiguration section */
		6F9302CC195A2CC7007B3B7A /* Debug */ = {
			isa = XCBuildConfiguration;
			buildSettings = {
				ALWAYS_SEARCH_USER_PATHS = NO;
				CLANG_CXX_LANGUAGE_STANDARD = "gnu++0x";
				CLANG_CXX_LIBRARY = "libc++";
				CLANG_ENABLE_MODULES = YES;
				CLANG_ENABLE_OBJC_ARC = YES;
				CLANG_WARN_BOOL_CONVERSION = YES;
				CLANG_WARN_CONSTANT_CONVERSION = YES;
				CLANG_WARN_DIRECT_OBJC_ISA_USAGE = YES_ERROR;
				CLANG_WARN_EMPTY_BODY = YES;
				CLANG_WARN_ENUM_CONVERSION = YES;
				CLANG_WARN_INT_CONVERSION = YES;
				CLANG_WARN_OBJC_ROOT_CLASS = YES_ERROR;
				CLANG_WARN_UNREACHABLE_CODE = YES;
				CLANG_WARN__DUPLICATE_METHOD_MATCH = YES;
				"CODE_SIGN_IDENTITY[sdk=iphoneos*]" = "iPhone Developer";
				COPY_PHASE_STRIP = NO;
				ENABLE_STRICT_OBJC_MSGSEND = YES;
				GCC_C_LANGUAGE_STANDARD = gnu99;
				GCC_DYNAMIC_NO_PIC = NO;
				GCC_OPTIMIZATION_LEVEL = 0;
				GCC_PREPROCESSOR_DEFINITIONS = (
					"DEBUG=1",
					"$(inherited)",
				);
				GCC_SYMBOLS_PRIVATE_EXTERN = NO;
				GCC_WARN_64_TO_32_BIT_CONVERSION = YES;
				GCC_WARN_ABOUT_RETURN_TYPE = YES_ERROR;
				GCC_WARN_UNDECLARED_SELECTOR = YES;
				GCC_WARN_UNINITIALIZED_AUTOS = YES_AGGRESSIVE;
				GCC_WARN_UNUSED_FUNCTION = YES;
				GCC_WARN_UNUSED_VARIABLE = YES;
				IPHONEOS_DEPLOYMENT_TARGET = 8.0;
				METAL_ENABLE_DEBUG_INFO = YES;
				ONLY_ACTIVE_ARCH = YES;
				SDKROOT = iphoneos;
				SWIFT_OPTIMIZATION_LEVEL = "-Onone";
			};
			name = Debug;
		};
		6F9302CD195A2CC7007B3B7A /* Release */ = {
			isa = XCBuildConfiguration;
			buildSettings = {
				ALWAYS_SEARCH_USER_PATHS = NO;
				CLANG_CXX_LANGUAGE_STANDARD = "gnu++0x";
				CLANG_CXX_LIBRARY = "libc++";
				CLANG_ENABLE_MODULES = YES;
				CLANG_ENABLE_OBJC_ARC = YES;
				CLANG_WARN_BOOL_CONVERSION = YES;
				CLANG_WARN_CONSTANT_CONVERSION = YES;
				CLANG_WARN_DIRECT_OBJC_ISA_USAGE = YES_ERROR;
				CLANG_WARN_EMPTY_BODY = YES;
				CLANG_WARN_ENUM_CONVERSION = YES;
				CLANG_WARN_INT_CONVERSION = YES;
				CLANG_WARN_OBJC_ROOT_CLASS = YES_ERROR;
				CLANG_WARN_UNREACHABLE_CODE = YES;
				CLANG_WARN__DUPLICATE_METHOD_MATCH = YES;
				"CODE_SIGN_IDENTITY[sdk=iphoneos*]" = "iPhone Developer";
				COPY_PHASE_STRIP = YES;
				ENABLE_NS_ASSERTIONS = NO;
				ENABLE_STRICT_OBJC_MSGSEND = YES;
				GCC_C_LANGUAGE_STANDARD = gnu99;
				GCC_WARN_64_TO_32_BIT_CONVERSION = YES;
				GCC_WARN_ABOUT_RETURN_TYPE = YES_ERROR;
				GCC_WARN_UNDECLARED_SELECTOR = YES;
				GCC_WARN_UNINITIALIZED_AUTOS = YES_AGGRESSIVE;
				GCC_WARN_UNUSED_FUNCTION = YES;
				GCC_WARN_UNUSED_VARIABLE = YES;
				IPHONEOS_DEPLOYMENT_TARGET = 8.0;
				METAL_ENABLE_DEBUG_INFO = NO;
				SDKROOT = iphoneos;
				VALIDATE_PRODUCT = YES;
			};
			name = Release;
		};
		6F9302CF195A2CC7007B3B7A /* Debug */ = {
			isa = XCBuildConfiguration;
			buildSettings = {
				ASSETCATALOG_COMPILER_APPICON_NAME = AppIcon;
				ASSETCATALOG_COMPILER_LAUNCHIMAGE_NAME = LaunchImage;
				INFOPLIST_FILE = Postcard/Info.plist;
				LD_RUNPATH_SEARCH_PATHS = "$(inherited) @executable_path/Frameworks";
				PRODUCT_NAME = "$(TARGET_NAME)";
			};
			name = Debug;
		};
		6F9302D0195A2CC7007B3B7A /* Release */ = {
			isa = XCBuildConfiguration;
			buildSettings = {
				ASSETCATALOG_COMPILER_APPICON_NAME = AppIcon;
				ASSETCATALOG_COMPILER_LAUNCHIMAGE_NAME = LaunchImage;
				INFOPLIST_FILE = Postcard/Info.plist;
				LD_RUNPATH_SEARCH_PATHS = "$(inherited) @executable_path/Frameworks";
				PRODUCT_NAME = "$(TARGET_NAME)";
			};
			name = Release;
		};
		6F9302D2195A2CC7007B3B7A /* Debug */ = {
			isa = XCBuildConfiguration;
			buildSettings = {
				BUNDLE_LOADER = "$(BUILT_PRODUCTS_DIR)/Postcard.app/Postcard";
				FRAMEWORK_SEARCH_PATHS = (
					"$(SDKROOT)/Developer/Library/Frameworks",
					"$(inherited)",
				);
				GCC_PREPROCESSOR_DEFINITIONS = (
					"DEBUG=1",
					"$(inherited)",
				);
				INFOPLIST_FILE = PostcardTests/Info.plist;
				LD_RUNPATH_SEARCH_PATHS = "$(inherited) @executable_path/Frameworks @loader_path/Frameworks";
				METAL_ENABLE_DEBUG_INFO = YES;
				PRODUCT_NAME = "$(TARGET_NAME)";
				TEST_HOST = "$(BUNDLE_LOADER)";
			};
			name = Debug;
		};
		6F9302D3195A2CC7007B3B7A /* Release */ = {
			isa = XCBuildConfiguration;
			buildSettings = {
				BUNDLE_LOADER = "$(BUILT_PRODUCTS_DIR)/Postcard.app/Postcard";
				FRAMEWORK_SEARCH_PATHS = (
					"$(SDKROOT)/Developer/Library/Frameworks",
					"$(inherited)",
				);
				INFOPLIST_FILE = PostcardTests/Info.plist;
				LD_RUNPATH_SEARCH_PATHS = "$(inherited) @executable_path/Frameworks @loader_path/Frameworks";
				METAL_ENABLE_DEBUG_INFO = NO;
				PRODUCT_NAME = "$(TARGET_NAME)";
				TEST_HOST = "$(BUNDLE_LOADER)";
			};
			name = Release;
		};
/* End XCBuildConfiguration section */

/* Begin XCConfigurationList section */
		6F9302AD195A2CC7007B3B7A /* Build configuration list for PBXProject "Postcard" */ = {
			isa = XCConfigurationList;
			buildConfigurations = (
				6F9302CC195A2CC7007B3B7A /* Debug */,
				6F9302CD195A2CC7007B3B7A /* Release */,
			);
			defaultConfigurationIsVisible = 0;
			defaultConfigurationName = Release;
		};
		6F9302CE195A2CC7007B3B7A /* Build configuration list for PBXNativeTarget "Postcard" */ = {
			isa = XCConfigurationList;
			buildConfigurations = (
				6F9302CF195A2CC7007B3B7A /* Debug */,
				6F9302D0195A2CC7007B3B7A /* Release */,
			);
			defaultConfigurationIsVisible = 0;
			defaultConfigurationName = Release;
		};
		6F9302D1195A2CC7007B3B7A /* Build configuration list for PBXNativeTarget "PostcardTests" */ = {
			isa = XCConfigurationList;
			buildConfigurations = (
				6F9302D2195A2CC7007B3B7A /* Debug */,
				6F9302D3195A2CC7007B3B7A /* Release */,
			);
			defaultConfigurationIsVisible = 0;
			defaultConfigurationName = Release;
		};
/* End XCConfigurationList section */
	};
	rootObject = 6F9302AA195A2CC7007B3B7A /* Project object */;
}
